// !$*UTF8*$!
{
	archiveVersion = 1;
	classes = {
	};
	objectVersion = 52;
	objects = {

/* Begin PBXBuildFile section */
		276BC3A183BB6B94378CD848 /* Pods_Sobko_Gym_Sobko_GymUITests.framework in Frameworks */ = {isa = PBXBuildFile; fileRef = 93DA3DCE567681609B9D91C6 /* Pods_Sobko_Gym_Sobko_GymUITests.framework */; };
		C381866525B6ADCE0072D355 /* Profile.swift in Sources */ = {isa = PBXBuildFile; fileRef = C381866425B6ADCE0072D355 /* Profile.swift */; };
		C381866625B6ADCE0072D355 /* Profile.swift in Sources */ = {isa = PBXBuildFile; fileRef = C381866425B6ADCE0072D355 /* Profile.swift */; };
		C381866725B6ADCE0072D355 /* Profile.swift in Sources */ = {isa = PBXBuildFile; fileRef = C381866425B6ADCE0072D355 /* Profile.swift */; };
		C381868425B6C1440072D355 /* ModelLessons.swift in Sources */ = {isa = PBXBuildFile; fileRef = C381868325B6C1440072D355 /* ModelLessons.swift */; };
		C381868525B6C1440072D355 /* ModelLessons.swift in Sources */ = {isa = PBXBuildFile; fileRef = C381868325B6C1440072D355 /* ModelLessons.swift */; };
		C381868625B6C1440072D355 /* ModelLessons.swift in Sources */ = {isa = PBXBuildFile; fileRef = C381868325B6C1440072D355 /* ModelLessons.swift */; };
		C381869525B6DCC40072D355 /* tren.swift in Sources */ = {isa = PBXBuildFile; fileRef = C381869425B6DCC40072D355 /* tren.swift */; };
		C381869625B6DCC40072D355 /* tren.swift in Sources */ = {isa = PBXBuildFile; fileRef = C381869425B6DCC40072D355 /* tren.swift */; };
		C381869725B6DCC40072D355 /* tren.swift in Sources */ = {isa = PBXBuildFile; fileRef = C381869425B6DCC40072D355 /* tren.swift */; };
		C381869D25B6F4510072D355 /* KeychainSwift in Frameworks */ = {isa = PBXBuildFile; productRef = C381869C25B6F4510072D355 /* KeychainSwift */; };
		C38E238C25B56D6800A2506B /* AppDelegate.swift in Sources */ = {isa = PBXBuildFile; fileRef = C38E238B25B56D6800A2506B /* AppDelegate.swift */; };
		C38E238E25B56D6800A2506B /* SceneDelegate.swift in Sources */ = {isa = PBXBuildFile; fileRef = C38E238D25B56D6800A2506B /* SceneDelegate.swift */; };
		C38E239025B56D6800A2506B /* ContentView.swift in Sources */ = {isa = PBXBuildFile; fileRef = C38E238F25B56D6800A2506B /* ContentView.swift */; };
		C38E239225B56D6A00A2506B /* Assets.xcassets in Resources */ = {isa = PBXBuildFile; fileRef = C38E239125B56D6A00A2506B /* Assets.xcassets */; };
		C38E239525B56D6A00A2506B /* Preview Assets.xcassets in Resources */ = {isa = PBXBuildFile; fileRef = C38E239425B56D6A00A2506B /* Preview Assets.xcassets */; };
		C38E239825B56D6A00A2506B /* LaunchScreen.storyboard in Resources */ = {isa = PBXBuildFile; fileRef = C38E239625B56D6A00A2506B /* LaunchScreen.storyboard */; };
		C38E23A325B56D6A00A2506B /* Sobko_GymTests.swift in Sources */ = {isa = PBXBuildFile; fileRef = C38E23A225B56D6A00A2506B /* Sobko_GymTests.swift */; };
		C38E23AE25B56D6A00A2506B /* Sobko_GymUITests.swift in Sources */ = {isa = PBXBuildFile; fileRef = C38E23AD25B56D6A00A2506B /* Sobko_GymUITests.swift */; };
		C38E23BF25B56E0300A2506B /* ND Astroneer.ttf in Resources */ = {isa = PBXBuildFile; fileRef = C38E23BE25B56E0300A2506B /* ND Astroneer.ttf */; };
		C38E23C025B56E0300A2506B /* ND Astroneer.ttf in Resources */ = {isa = PBXBuildFile; fileRef = C38E23BE25B56E0300A2506B /* ND Astroneer.ttf */; };
		C38E23C125B56E0300A2506B /* ND Astroneer.ttf in Resources */ = {isa = PBXBuildFile; fileRef = C38E23BE25B56E0300A2506B /* ND Astroneer.ttf */; };
		C38E23C925B570E500A2506B /* Hello-1.swift in Sources */ = {isa = PBXBuildFile; fileRef = C38E23C825B570E500A2506B /* Hello-1.swift */; };
		C38E23CA25B570E500A2506B /* Hello-1.swift in Sources */ = {isa = PBXBuildFile; fileRef = C38E23C825B570E500A2506B /* Hello-1.swift */; };
		C38E23CB25B570E500A2506B /* Hello-1.swift in Sources */ = {isa = PBXBuildFile; fileRef = C38E23C825B570E500A2506B /* Hello-1.swift */; };
		C38E23D025B5738600A2506B /* Hellow-2.swift in Sources */ = {isa = PBXBuildFile; fileRef = C38E23CF25B5738600A2506B /* Hellow-2.swift */; };
		C38E23D125B5738600A2506B /* Hellow-2.swift in Sources */ = {isa = PBXBuildFile; fileRef = C38E23CF25B5738600A2506B /* Hellow-2.swift */; };
		C38E23D225B5738600A2506B /* Hellow-2.swift in Sources */ = {isa = PBXBuildFile; fileRef = C38E23CF25B5738600A2506B /* Hellow-2.swift */; };
		C38E23D725B576DF00A2506B /* Hello-2-2.swift in Sources */ = {isa = PBXBuildFile; fileRef = C38E23D625B576DF00A2506B /* Hello-2-2.swift */; };
		C38E23D825B576DF00A2506B /* Hello-2-2.swift in Sources */ = {isa = PBXBuildFile; fileRef = C38E23D625B576DF00A2506B /* Hello-2-2.swift */; };
		C38E23D925B576DF00A2506B /* Hello-2-2.swift in Sources */ = {isa = PBXBuildFile; fileRef = C38E23D625B576DF00A2506B /* Hello-2-2.swift */; };
		C38E23DE25B57E5D00A2506B /* Hello-4.swift in Sources */ = {isa = PBXBuildFile; fileRef = C38E23DD25B57E5D00A2506B /* Hello-4.swift */; };
		C38E23DF25B57E5D00A2506B /* Hello-4.swift in Sources */ = {isa = PBXBuildFile; fileRef = C38E23DD25B57E5D00A2506B /* Hello-4.swift */; };
		C38E23E025B57E5D00A2506B /* Hello-4.swift in Sources */ = {isa = PBXBuildFile; fileRef = C38E23DD25B57E5D00A2506B /* Hello-4.swift */; };
		C38E23E525B57FD300A2506B /* Hello-5.swift in Sources */ = {isa = PBXBuildFile; fileRef = C38E23E425B57FD300A2506B /* Hello-5.swift */; };
		C38E23E625B57FD300A2506B /* Hello-5.swift in Sources */ = {isa = PBXBuildFile; fileRef = C38E23E425B57FD300A2506B /* Hello-5.swift */; };
		C38E23E725B57FD300A2506B /* Hello-5.swift in Sources */ = {isa = PBXBuildFile; fileRef = C38E23E425B57FD300A2506B /* Hello-5.swift */; };
		C38E23EC25B5814E00A2506B /* SignIn.swift in Sources */ = {isa = PBXBuildFile; fileRef = C38E23EB25B5814E00A2506B /* SignIn.swift */; };
		C38E23ED25B5814E00A2506B /* SignIn.swift in Sources */ = {isa = PBXBuildFile; fileRef = C38E23EB25B5814E00A2506B /* SignIn.swift */; };
		C38E23EE25B5814E00A2506B /* SignIn.swift in Sources */ = {isa = PBXBuildFile; fileRef = C38E23EB25B5814E00A2506B /* SignIn.swift */; };
		C38E23FE25B5860200A2506B /* Model.swift in Sources */ = {isa = PBXBuildFile; fileRef = C38E23FD25B5860200A2506B /* Model.swift */; };
		C38E23FF25B5860200A2506B /* Model.swift in Sources */ = {isa = PBXBuildFile; fileRef = C38E23FD25B5860200A2506B /* Model.swift */; };
		C38E240025B5860200A2506B /* Model.swift in Sources */ = {isa = PBXBuildFile; fileRef = C38E23FD25B5860200A2506B /* Model.swift */; };
		C38E240525B586C900A2506B /* ViewModel.swift in Sources */ = {isa = PBXBuildFile; fileRef = C38E240425B586C900A2506B /* ViewModel.swift */; };
		C38E240625B586C900A2506B /* ViewModel.swift in Sources */ = {isa = PBXBuildFile; fileRef = C38E240425B586C900A2506B /* ViewModel.swift */; };
		C38E240725B586C900A2506B /* ViewModel.swift in Sources */ = {isa = PBXBuildFile; fileRef = C38E240425B586C900A2506B /* ViewModel.swift */; };
		C38E241025B586F800A2506B /* SwiftyJSON in Frameworks */ = {isa = PBXBuildFile; productRef = C38E240F25B586F800A2506B /* SwiftyJSON */; };
		C38E241625B5878D00A2506B /* Alamofire in Frameworks */ = {isa = PBXBuildFile; productRef = C38E241525B5878D00A2506B /* Alamofire */; };
		C38E241B25B5893400A2506B /* Hello-2-3.swift in Sources */ = {isa = PBXBuildFile; fileRef = C38E241A25B5893400A2506B /* Hello-2-3.swift */; };
		C38E241C25B5893400A2506B /* Hello-2-3.swift in Sources */ = {isa = PBXBuildFile; fileRef = C38E241A25B5893400A2506B /* Hello-2-3.swift */; };
		C38E241D25B5893400A2506B /* Hello-2-3.swift in Sources */ = {isa = PBXBuildFile; fileRef = C38E241A25B5893400A2506B /* Hello-2-3.swift */; };
		C38E242525B58A7900A2506B /* Swift2.swift in Sources */ = {isa = PBXBuildFile; fileRef = C38E242425B58A7900A2506B /* Swift2.swift */; };
		C38E242625B58A7900A2506B /* Swift2.swift in Sources */ = {isa = PBXBuildFile; fileRef = C38E242425B58A7900A2506B /* Swift2.swift */; };
		C38E242725B58A7900A2506B /* Swift2.swift in Sources */ = {isa = PBXBuildFile; fileRef = C38E242425B58A7900A2506B /* Swift2.swift */; };
		C38E242F25B5A8A400A2506B /* SignUp.swift in Sources */ = {isa = PBXBuildFile; fileRef = C38E242E25B5A8A300A2506B /* SignUp.swift */; };
		C38E243025B5A8A400A2506B /* SignUp.swift in Sources */ = {isa = PBXBuildFile; fileRef = C38E242E25B5A8A300A2506B /* SignUp.swift */; };
		C38E243125B5A8A400A2506B /* SignUp.swift in Sources */ = {isa = PBXBuildFile; fileRef = C38E242E25B5A8A300A2506B /* SignUp.swift */; };
		C38E243625B5A8AC00A2506B /* Back.swift in Sources */ = {isa = PBXBuildFile; fileRef = C38E243525B5A8AC00A2506B /* Back.swift */; };
		C38E243725B5A8AC00A2506B /* Back.swift in Sources */ = {isa = PBXBuildFile; fileRef = C38E243525B5A8AC00A2506B /* Back.swift */; };
		C38E243825B5A8AC00A2506B /* Back.swift in Sources */ = {isa = PBXBuildFile; fileRef = C38E243525B5A8AC00A2506B /* Back.swift */; };
		C38E244025B5B48F00A2506B /* Main.swift in Sources */ = {isa = PBXBuildFile; fileRef = C38E243F25B5B48F00A2506B /* Main.swift */; };
		C38E244125B5B48F00A2506B /* Main.swift in Sources */ = {isa = PBXBuildFile; fileRef = C38E243F25B5B48F00A2506B /* Main.swift */; };
		C38E244225B5B48F00A2506B /* Main.swift in Sources */ = {isa = PBXBuildFile; fileRef = C38E243F25B5B48F00A2506B /* Main.swift */; };
		C38E244725B5C08500A2506B /* Lessons.swift in Sources */ = {isa = PBXBuildFile; fileRef = C38E244625B5C08500A2506B /* Lessons.swift */; };
		C38E244825B5C08500A2506B /* Lessons.swift in Sources */ = {isa = PBXBuildFile; fileRef = C38E244625B5C08500A2506B /* Lessons.swift */; };
		C38E244925B5C08500A2506B /* Lessons.swift in Sources */ = {isa = PBXBuildFile; fileRef = C38E244625B5C08500A2506B /* Lessons.swift */; };
		C38E244E25B5C71100A2506B /* LessonSpine.swift in Sources */ = {isa = PBXBuildFile; fileRef = C38E244D25B5C71100A2506B /* LessonSpine.swift */; };
		C38E244F25B5C71100A2506B /* LessonSpine.swift in Sources */ = {isa = PBXBuildFile; fileRef = C38E244D25B5C71100A2506B /* LessonSpine.swift */; };
		C38E245025B5C71100A2506B /* LessonSpine.swift in Sources */ = {isa = PBXBuildFile; fileRef = C38E244D25B5C71100A2506B /* LessonSpine.swift */; };
		C38E245525B5C76F00A2506B /* LessonTorso.swift in Sources */ = {isa = PBXBuildFile; fileRef = C38E245425B5C76F00A2506B /* LessonTorso.swift */; };
		C38E245625B5C76F00A2506B /* LessonTorso.swift in Sources */ = {isa = PBXBuildFile; fileRef = C38E245425B5C76F00A2506B /* LessonTorso.swift */; };
		C38E245725B5C76F00A2506B /* LessonTorso.swift in Sources */ = {isa = PBXBuildFile; fileRef = C38E245425B5C76F00A2506B /* LessonTorso.swift */; };
		C38E245C25B5C7BC00A2506B /* LessonLegs.swift in Sources */ = {isa = PBXBuildFile; fileRef = C38E245B25B5C7BC00A2506B /* LessonLegs.swift */; };
		C38E245D25B5C7BC00A2506B /* LessonLegs.swift in Sources */ = {isa = PBXBuildFile; fileRef = C38E245B25B5C7BC00A2506B /* LessonLegs.swift */; };
		C38E245E25B5C7BC00A2506B /* LessonLegs.swift in Sources */ = {isa = PBXBuildFile; fileRef = C38E245B25B5C7BC00A2506B /* LessonLegs.swift */; };
		C3E8E2A625B8048600E0963E /* AlertTextFeild.swift in Sources */ = {isa = PBXBuildFile; fileRef = C3E8E2A525B8048600E0963E /* AlertTextFeild.swift */; };
		C3E8E2A725B8048600E0963E /* AlertTextFeild.swift in Sources */ = {isa = PBXBuildFile; fileRef = C3E8E2A525B8048600E0963E /* AlertTextFeild.swift */; };
		C3E8E2A825B8048600E0963E /* AlertTextFeild.swift in Sources */ = {isa = PBXBuildFile; fileRef = C3E8E2A525B8048600E0963E /* AlertTextFeild.swift */; };
		C3E8E2AD25B821A700E0963E /* SitUp1.swift in Sources */ = {isa = PBXBuildFile; fileRef = C3E8E2AC25B821A700E0963E /* SitUp1.swift */; };
		C3E8E2AE25B821A700E0963E /* SitUp1.swift in Sources */ = {isa = PBXBuildFile; fileRef = C3E8E2AC25B821A700E0963E /* SitUp1.swift */; };
		C3E8E2AF25B821A700E0963E /* SitUp1.swift in Sources */ = {isa = PBXBuildFile; fileRef = C3E8E2AC25B821A700E0963E /* SitUp1.swift */; };
		C3E8E2B425B821B500E0963E /* SitUp2.swift in Sources */ = {isa = PBXBuildFile; fileRef = C3E8E2B325B821B500E0963E /* SitUp2.swift */; };
		C3E8E2B525B821B500E0963E /* SitUp2.swift in Sources */ = {isa = PBXBuildFile; fileRef = C3E8E2B325B821B500E0963E /* SitUp2.swift */; };
		C3E8E2B625B821B500E0963E /* SitUp2.swift in Sources */ = {isa = PBXBuildFile; fileRef = C3E8E2B325B821B500E0963E /* SitUp2.swift */; };
		C3E8E2BE25B821C900E0963E /* PushUp1.swift in Sources */ = {isa = PBXBuildFile; fileRef = C3E8E2BD25B821C900E0963E /* PushUp1.swift */; };
		C3E8E2BF25B821C900E0963E /* PushUp1.swift in Sources */ = {isa = PBXBuildFile; fileRef = C3E8E2BD25B821C900E0963E /* PushUp1.swift */; };
		C3E8E2C025B821C900E0963E /* PushUp1.swift in Sources */ = {isa = PBXBuildFile; fileRef = C3E8E2BD25B821C900E0963E /* PushUp1.swift */; };
		C3E8E2C825B821D800E0963E /* PushUp2.swift in Sources */ = {isa = PBXBuildFile; fileRef = C3E8E2C725B821D800E0963E /* PushUp2.swift */; };
		C3E8E2C925B821D800E0963E /* PushUp2.swift in Sources */ = {isa = PBXBuildFile; fileRef = C3E8E2C725B821D800E0963E /* PushUp2.swift */; };
		C3E8E2CA25B821D800E0963E /* PushUp2.swift in Sources */ = {isa = PBXBuildFile; fileRef = C3E8E2C725B821D800E0963E /* PushUp2.swift */; };
		C3E8E2D925B85B2900E0963E /* Web.swift in Sources */ = {isa = PBXBuildFile; fileRef = C3E8E2D825B85B2900E0963E /* Web.swift */; };
		C3E8E2DA25B85B2900E0963E /* Web.swift in Sources */ = {isa = PBXBuildFile; fileRef = C3E8E2D825B85B2900E0963E /* Web.swift */; };
		C3E8E2DB25B85B2900E0963E /* Web.swift in Sources */ = {isa = PBXBuildFile; fileRef = C3E8E2D825B85B2900E0963E /* Web.swift */; };
		C3E8E2E025B85D7C00E0963E /* WebView.swift in Sources */ = {isa = PBXBuildFile; fileRef = C3E8E2DF25B85D7C00E0963E /* WebView.swift */; };
		C3E8E2E125B85D7C00E0963E /* WebView.swift in Sources */ = {isa = PBXBuildFile; fileRef = C3E8E2DF25B85D7C00E0963E /* WebView.swift */; };
		C3E8E2E225B85D7C00E0963E /* WebView.swift in Sources */ = {isa = PBXBuildFile; fileRef = C3E8E2DF25B85D7C00E0963E /* WebView.swift */; };
		E999DC455E411E8801E041BC /* Pods_Sobko_Gym.framework in Frameworks */ = {isa = PBXBuildFile; fileRef = 2B5E7759109ACDD5F70A1282 /* Pods_Sobko_Gym.framework */; };
		EBAAD311D53C2C9E70737DCF /* Pods_Sobko_GymTests.framework in Frameworks */ = {isa = PBXBuildFile; fileRef = 954D0F5E856A41D08B6E9D39 /* Pods_Sobko_GymTests.framework */; };
/* End PBXBuildFile section */

/* Begin PBXContainerItemProxy section */
		C38E239F25B56D6A00A2506B /* PBXContainerItemProxy */ = {
			isa = PBXContainerItemProxy;
			containerPortal = C38E238025B56D6800A2506B /* Project object */;
			proxyType = 1;
			remoteGlobalIDString = C38E238725B56D6800A2506B;
			remoteInfo = "Sobko Gym";
		};
		C38E23AA25B56D6A00A2506B /* PBXContainerItemProxy */ = {
			isa = PBXContainerItemProxy;
			containerPortal = C38E238025B56D6800A2506B /* Project object */;
			proxyType = 1;
			remoteGlobalIDString = C38E238725B56D6800A2506B;
			remoteInfo = "Sobko Gym";
		};
/* End PBXContainerItemProxy section */

/* Begin PBXFileReference section */
		20BE8921530D684D053EB4D0 /* Pods-Sobko Gym-Sobko GymUITests.release.xcconfig */ = {isa = PBXFileReference; includeInIndex = 1; lastKnownFileType = text.xcconfig; name = "Pods-Sobko Gym-Sobko GymUITests.release.xcconfig"; path = "Target Support Files/Pods-Sobko Gym-Sobko GymUITests/Pods-Sobko Gym-Sobko GymUITests.release.xcconfig"; sourceTree = "<group>"; };
		2A70D438210B7BD63AAD9E96 /* Pods-Sobko Gym.release.xcconfig */ = {isa = PBXFileReference; includeInIndex = 1; lastKnownFileType = text.xcconfig; name = "Pods-Sobko Gym.release.xcconfig"; path = "Target Support Files/Pods-Sobko Gym/Pods-Sobko Gym.release.xcconfig"; sourceTree = "<group>"; };
		2B5E7759109ACDD5F70A1282 /* Pods_Sobko_Gym.framework */ = {isa = PBXFileReference; explicitFileType = wrapper.framework; includeInIndex = 0; path = Pods_Sobko_Gym.framework; sourceTree = BUILT_PRODUCTS_DIR; };
		93DA3DCE567681609B9D91C6 /* Pods_Sobko_Gym_Sobko_GymUITests.framework */ = {isa = PBXFileReference; explicitFileType = wrapper.framework; includeInIndex = 0; path = Pods_Sobko_Gym_Sobko_GymUITests.framework; sourceTree = BUILT_PRODUCTS_DIR; };
		954D0F5E856A41D08B6E9D39 /* Pods_Sobko_GymTests.framework */ = {isa = PBXFileReference; explicitFileType = wrapper.framework; includeInIndex = 0; path = Pods_Sobko_GymTests.framework; sourceTree = BUILT_PRODUCTS_DIR; };
		AFBF5D916F9109A48CB4ADFF /* Pods-Sobko GymTests.debug.xcconfig */ = {isa = PBXFileReference; includeInIndex = 1; lastKnownFileType = text.xcconfig; name = "Pods-Sobko GymTests.debug.xcconfig"; path = "Target Support Files/Pods-Sobko GymTests/Pods-Sobko GymTests.debug.xcconfig"; sourceTree = "<group>"; };
		B8BD8A35CCAC8F68100F56BC /* Pods-Sobko GymTests.release.xcconfig */ = {isa = PBXFileReference; includeInIndex = 1; lastKnownFileType = text.xcconfig; name = "Pods-Sobko GymTests.release.xcconfig"; path = "Target Support Files/Pods-Sobko GymTests/Pods-Sobko GymTests.release.xcconfig"; sourceTree = "<group>"; };
		C381866425B6ADCE0072D355 /* Profile.swift */ = {isa = PBXFileReference; lastKnownFileType = sourcecode.swift; path = Profile.swift; sourceTree = "<group>"; };
		C381868325B6C1440072D355 /* ModelLessons.swift */ = {isa = PBXFileReference; lastKnownFileType = sourcecode.swift; path = ModelLessons.swift; sourceTree = "<group>"; };
		C381869425B6DCC40072D355 /* tren.swift */ = {isa = PBXFileReference; lastKnownFileType = sourcecode.swift; path = tren.swift; sourceTree = "<group>"; };
		C38E238825B56D6800A2506B /* Sobko Gym.app */ = {isa = PBXFileReference; explicitFileType = wrapper.application; includeInIndex = 0; path = "Sobko Gym.app"; sourceTree = BUILT_PRODUCTS_DIR; };
		C38E238B25B56D6800A2506B /* AppDelegate.swift */ = {isa = PBXFileReference; lastKnownFileType = sourcecode.swift; path = AppDelegate.swift; sourceTree = "<group>"; };
		C38E238D25B56D6800A2506B /* SceneDelegate.swift */ = {isa = PBXFileReference; lastKnownFileType = sourcecode.swift; path = SceneDelegate.swift; sourceTree = "<group>"; };
		C38E238F25B56D6800A2506B /* ContentView.swift */ = {isa = PBXFileReference; lastKnownFileType = sourcecode.swift; path = ContentView.swift; sourceTree = "<group>"; };
		C38E239125B56D6A00A2506B /* Assets.xcassets */ = {isa = PBXFileReference; lastKnownFileType = folder.assetcatalog; path = Assets.xcassets; sourceTree = "<group>"; };
		C38E239425B56D6A00A2506B /* Preview Assets.xcassets */ = {isa = PBXFileReference; lastKnownFileType = folder.assetcatalog; path = "Preview Assets.xcassets"; sourceTree = "<group>"; };
		C38E239725B56D6A00A2506B /* Base */ = {isa = PBXFileReference; lastKnownFileType = file.storyboard; name = Base; path = Base.lproj/LaunchScreen.storyboard; sourceTree = "<group>"; };
		C38E239925B56D6A00A2506B /* Info.plist */ = {isa = PBXFileReference; lastKnownFileType = text.plist.xml; path = Info.plist; sourceTree = "<group>"; };
		C38E239E25B56D6A00A2506B /* Sobko GymTests.xctest */ = {isa = PBXFileReference; explicitFileType = wrapper.cfbundle; includeInIndex = 0; path = "Sobko GymTests.xctest"; sourceTree = BUILT_PRODUCTS_DIR; };
		C38E23A225B56D6A00A2506B /* Sobko_GymTests.swift */ = {isa = PBXFileReference; lastKnownFileType = sourcecode.swift; path = Sobko_GymTests.swift; sourceTree = "<group>"; };
		C38E23A425B56D6A00A2506B /* Info.plist */ = {isa = PBXFileReference; lastKnownFileType = text.plist.xml; path = Info.plist; sourceTree = "<group>"; };
		C38E23A925B56D6A00A2506B /* Sobko GymUITests.xctest */ = {isa = PBXFileReference; explicitFileType = wrapper.cfbundle; includeInIndex = 0; path = "Sobko GymUITests.xctest"; sourceTree = BUILT_PRODUCTS_DIR; };
		C38E23AD25B56D6A00A2506B /* Sobko_GymUITests.swift */ = {isa = PBXFileReference; lastKnownFileType = sourcecode.swift; path = Sobko_GymUITests.swift; sourceTree = "<group>"; };
		C38E23AF25B56D6A00A2506B /* Info.plist */ = {isa = PBXFileReference; lastKnownFileType = text.plist.xml; path = Info.plist; sourceTree = "<group>"; };
		C38E23BE25B56E0300A2506B /* ND Astroneer.ttf */ = {isa = PBXFileReference; lastKnownFileType = file; path = "ND Astroneer.ttf"; sourceTree = "<group>"; };
		C38E23C825B570E500A2506B /* Hello-1.swift */ = {isa = PBXFileReference; lastKnownFileType = sourcecode.swift; path = "Hello-1.swift"; sourceTree = "<group>"; };
		C38E23CF25B5738600A2506B /* Hellow-2.swift */ = {isa = PBXFileReference; lastKnownFileType = sourcecode.swift; path = "Hellow-2.swift"; sourceTree = "<group>"; };
		C38E23D625B576DF00A2506B /* Hello-2-2.swift */ = {isa = PBXFileReference; lastKnownFileType = sourcecode.swift; path = "Hello-2-2.swift"; sourceTree = "<group>"; };
		C38E23DD25B57E5D00A2506B /* Hello-4.swift */ = {isa = PBXFileReference; lastKnownFileType = sourcecode.swift; path = "Hello-4.swift"; sourceTree = "<group>"; };
		C38E23E425B57FD300A2506B /* Hello-5.swift */ = {isa = PBXFileReference; lastKnownFileType = sourcecode.swift; path = "Hello-5.swift"; sourceTree = "<group>"; };
		C38E23EB25B5814E00A2506B /* SignIn.swift */ = {isa = PBXFileReference; lastKnownFileType = sourcecode.swift; path = SignIn.swift; sourceTree = "<group>"; };
		C38E23FD25B5860200A2506B /* Model.swift */ = {isa = PBXFileReference; lastKnownFileType = sourcecode.swift; path = Model.swift; sourceTree = "<group>"; };
		C38E240425B586C900A2506B /* ViewModel.swift */ = {isa = PBXFileReference; lastKnownFileType = sourcecode.swift; path = ViewModel.swift; sourceTree = "<group>"; };
		C38E241A25B5893400A2506B /* Hello-2-3.swift */ = {isa = PBXFileReference; lastKnownFileType = sourcecode.swift; path = "Hello-2-3.swift"; sourceTree = "<group>"; };
		C38E242425B58A7900A2506B /* Swift2.swift */ = {isa = PBXFileReference; lastKnownFileType = sourcecode.swift; path = Swift2.swift; sourceTree = "<group>"; };
		C38E242E25B5A8A300A2506B /* SignUp.swift */ = {isa = PBXFileReference; lastKnownFileType = sourcecode.swift; path = SignUp.swift; sourceTree = "<group>"; };
		C38E243525B5A8AC00A2506B /* Back.swift */ = {isa = PBXFileReference; lastKnownFileType = sourcecode.swift; path = Back.swift; sourceTree = "<group>"; };
		C38E243F25B5B48F00A2506B /* Main.swift */ = {isa = PBXFileReference; lastKnownFileType = sourcecode.swift; path = Main.swift; sourceTree = "<group>"; };
		C38E244625B5C08500A2506B /* Lessons.swift */ = {isa = PBXFileReference; lastKnownFileType = sourcecode.swift; path = Lessons.swift; sourceTree = "<group>"; };
		C38E244D25B5C71100A2506B /* LessonSpine.swift */ = {isa = PBXFileReference; lastKnownFileType = sourcecode.swift; path = LessonSpine.swift; sourceTree = "<group>"; };
		C38E245425B5C76F00A2506B /* LessonTorso.swift */ = {isa = PBXFileReference; lastKnownFileType = sourcecode.swift; path = LessonTorso.swift; sourceTree = "<group>"; };
		C38E245B25B5C7BC00A2506B /* LessonLegs.swift */ = {isa = PBXFileReference; lastKnownFileType = sourcecode.swift; path = LessonLegs.swift; sourceTree = "<group>"; };
		C3E8E2A525B8048600E0963E /* AlertTextFeild.swift */ = {isa = PBXFileReference; lastKnownFileType = sourcecode.swift; path = AlertTextFeild.swift; sourceTree = "<group>"; };
		C3E8E2AC25B821A700E0963E /* SitUp1.swift */ = {isa = PBXFileReference; lastKnownFileType = sourcecode.swift; path = SitUp1.swift; sourceTree = "<group>"; };
		C3E8E2B325B821B500E0963E /* SitUp2.swift */ = {isa = PBXFileReference; lastKnownFileType = sourcecode.swift; path = SitUp2.swift; sourceTree = "<group>"; };
		C3E8E2BD25B821C900E0963E /* PushUp1.swift */ = {isa = PBXFileReference; lastKnownFileType = sourcecode.swift; path = PushUp1.swift; sourceTree = "<group>"; };
		C3E8E2C725B821D800E0963E /* PushUp2.swift */ = {isa = PBXFileReference; lastKnownFileType = sourcecode.swift; path = PushUp2.swift; sourceTree = "<group>"; };
		C3E8E2D825B85B2900E0963E /* Web.swift */ = {isa = PBXFileReference; lastKnownFileType = sourcecode.swift; path = Web.swift; sourceTree = "<group>"; };
		C3E8E2DF25B85D7C00E0963E /* WebView.swift */ = {isa = PBXFileReference; lastKnownFileType = sourcecode.swift; path = WebView.swift; sourceTree = "<group>"; };
		EF01CB282C634EBA1128711C /* Pods-Sobko Gym-Sobko GymUITests.debug.xcconfig */ = {isa = PBXFileReference; includeInIndex = 1; lastKnownFileType = text.xcconfig; name = "Pods-Sobko Gym-Sobko GymUITests.debug.xcconfig"; path = "Target Support Files/Pods-Sobko Gym-Sobko GymUITests/Pods-Sobko Gym-Sobko GymUITests.debug.xcconfig"; sourceTree = "<group>"; };
		FEC6E4A5018E2FDBA4F241A9 /* Pods-Sobko Gym.debug.xcconfig */ = {isa = PBXFileReference; includeInIndex = 1; lastKnownFileType = text.xcconfig; name = "Pods-Sobko Gym.debug.xcconfig"; path = "Target Support Files/Pods-Sobko Gym/Pods-Sobko Gym.debug.xcconfig"; sourceTree = "<group>"; };
/* End PBXFileReference section */

/* Begin PBXFrameworksBuildPhase section */
		C38E238525B56D6800A2506B /* Frameworks */ = {
			isa = PBXFrameworksBuildPhase;
			buildActionMask = 2147483647;
			files = (
				C38E241025B586F800A2506B /* SwiftyJSON in Frameworks */,
				C38E241625B5878D00A2506B /* Alamofire in Frameworks */,
				C381869D25B6F4510072D355 /* KeychainSwift in Frameworks */,
				E999DC455E411E8801E041BC /* Pods_Sobko_Gym.framework in Frameworks */,
			);
			runOnlyForDeploymentPostprocessing = 0;
		};
		C38E239B25B56D6A00A2506B /* Frameworks */ = {
			isa = PBXFrameworksBuildPhase;
			buildActionMask = 2147483647;
			files = (
				EBAAD311D53C2C9E70737DCF /* Pods_Sobko_GymTests.framework in Frameworks */,
			);
			runOnlyForDeploymentPostprocessing = 0;
		};
		C38E23A625B56D6A00A2506B /* Frameworks */ = {
			isa = PBXFrameworksBuildPhase;
			buildActionMask = 2147483647;
			files = (
				276BC3A183BB6B94378CD848 /* Pods_Sobko_Gym_Sobko_GymUITests.framework in Frameworks */,
			);
			runOnlyForDeploymentPostprocessing = 0;
		};
/* End PBXFrameworksBuildPhase section */

/* Begin PBXGroup section */
		80D6AA3B4A4639ADD54D8818 /* Pods */ = {
			isa = PBXGroup;
			children = (
				FEC6E4A5018E2FDBA4F241A9 /* Pods-Sobko Gym.debug.xcconfig */,
				2A70D438210B7BD63AAD9E96 /* Pods-Sobko Gym.release.xcconfig */,
				EF01CB282C634EBA1128711C /* Pods-Sobko Gym-Sobko GymUITests.debug.xcconfig */,
				20BE8921530D684D053EB4D0 /* Pods-Sobko Gym-Sobko GymUITests.release.xcconfig */,
				AFBF5D916F9109A48CB4ADFF /* Pods-Sobko GymTests.debug.xcconfig */,
				B8BD8A35CCAC8F68100F56BC /* Pods-Sobko GymTests.release.xcconfig */,
			);
			path = Pods;
			sourceTree = "<group>";
		};
		BFEC8A1CCDE84D99604D3CE9 /* Frameworks */ = {
			isa = PBXGroup;
			children = (
				2B5E7759109ACDD5F70A1282 /* Pods_Sobko_Gym.framework */,
				93DA3DCE567681609B9D91C6 /* Pods_Sobko_Gym_Sobko_GymUITests.framework */,
				954D0F5E856A41D08B6E9D39 /* Pods_Sobko_GymTests.framework */,
			);
			name = Frameworks;
			sourceTree = "<group>";
		};
		C38E237F25B56D6800A2506B = {
			isa = PBXGroup;
			children = (
				C38E238A25B56D6800A2506B /* Sobko Gym */,
				C38E23A125B56D6A00A2506B /* Sobko GymTests */,
				C38E23AC25B56D6A00A2506B /* Sobko GymUITests */,
				C38E238925B56D6800A2506B /* Products */,
				80D6AA3B4A4639ADD54D8818 /* Pods */,
				BFEC8A1CCDE84D99604D3CE9 /* Frameworks */,
			);
			sourceTree = "<group>";
		};
		C38E238925B56D6800A2506B /* Products */ = {
			isa = PBXGroup;
			children = (
				C38E238825B56D6800A2506B /* Sobko Gym.app */,
				C38E239E25B56D6A00A2506B /* Sobko GymTests.xctest */,
				C38E23A925B56D6A00A2506B /* Sobko GymUITests.xctest */,
			);
			name = Products;
			sourceTree = "<group>";
		};
		C38E238A25B56D6800A2506B /* Sobko Gym */ = {
			isa = PBXGroup;
			children = (
				C38E238B25B56D6800A2506B /* AppDelegate.swift */,
				C38E238D25B56D6800A2506B /* SceneDelegate.swift */,
				C38E23BE25B56E0300A2506B /* ND Astroneer.ttf */,
				C38E238F25B56D6800A2506B /* ContentView.swift */,
				C38E242425B58A7900A2506B /* Swift2.swift */,
				C38E23FD25B5860200A2506B /* Model.swift */,
				C38E240425B586C900A2506B /* ViewModel.swift */,
				C38E23C825B570E500A2506B /* Hello-1.swift */,
				C38E23CF25B5738600A2506B /* Hellow-2.swift */,
				C38E23D625B576DF00A2506B /* Hello-2-2.swift */,
				C38E241A25B5893400A2506B /* Hello-2-3.swift */,
				C38E23DD25B57E5D00A2506B /* Hello-4.swift */,
				C38E23E425B57FD300A2506B /* Hello-5.swift */,
				C38E23EB25B5814E00A2506B /* SignIn.swift */,
				C38E242E25B5A8A300A2506B /* SignUp.swift */,
				C38E243525B5A8AC00A2506B /* Back.swift */,
				C38E243F25B5B48F00A2506B /* Main.swift */,
				C381868325B6C1440072D355 /* ModelLessons.swift */,
				C38E244625B5C08500A2506B /* Lessons.swift */,
				C381869425B6DCC40072D355 /* tren.swift */,
				C3E8E2A525B8048600E0963E /* AlertTextFeild.swift */,
				C38E244D25B5C71100A2506B /* LessonSpine.swift */,
				C38E245425B5C76F00A2506B /* LessonTorso.swift */,
				C38E245B25B5C7BC00A2506B /* LessonLegs.swift */,
				C381866425B6ADCE0072D355 /* Profile.swift */,
				C3E8E2DF25B85D7C00E0963E /* WebView.swift */,
				C3E8E2D825B85B2900E0963E /* Web.swift */,
				C3E8E2AC25B821A700E0963E /* SitUp1.swift */,
				C3E8E2B325B821B500E0963E /* SitUp2.swift */,
				C3E8E2BD25B821C900E0963E /* PushUp1.swift */,
				C3E8E2C725B821D800E0963E /* PushUp2.swift */,
				C38E239125B56D6A00A2506B /* Assets.xcassets */,
				C38E239625B56D6A00A2506B /* LaunchScreen.storyboard */,
				C38E239925B56D6A00A2506B /* Info.plist */,
				C38E239325B56D6A00A2506B /* Preview Content */,
			);
			path = "Sobko Gym";
			sourceTree = "<group>";
		};
		C38E239325B56D6A00A2506B /* Preview Content */ = {
			isa = PBXGroup;
			children = (
				C38E239425B56D6A00A2506B /* Preview Assets.xcassets */,
			);
			path = "Preview Content";
			sourceTree = "<group>";
		};
		C38E23A125B56D6A00A2506B /* Sobko GymTests */ = {
			isa = PBXGroup;
			children = (
				C38E23A225B56D6A00A2506B /* Sobko_GymTests.swift */,
				C38E23A425B56D6A00A2506B /* Info.plist */,
			);
			path = "Sobko GymTests";
			sourceTree = "<group>";
		};
		C38E23AC25B56D6A00A2506B /* Sobko GymUITests */ = {
			isa = PBXGroup;
			children = (
				C38E23AD25B56D6A00A2506B /* Sobko_GymUITests.swift */,
				C38E23AF25B56D6A00A2506B /* Info.plist */,
			);
			path = "Sobko GymUITests";
			sourceTree = "<group>";
		};
/* End PBXGroup section */

/* Begin PBXNativeTarget section */
		C38E238725B56D6800A2506B /* Sobko Gym */ = {
			isa = PBXNativeTarget;
			buildConfigurationList = C38E23B225B56D6A00A2506B /* Build configuration list for PBXNativeTarget "Sobko Gym" */;
			buildPhases = (
				5F5ED87614E952967AF18C68 /* [CP] Check Pods Manifest.lock */,
				C38E238425B56D6800A2506B /* Sources */,
				C38E238525B56D6800A2506B /* Frameworks */,
				C38E238625B56D6800A2506B /* Resources */,
				59786F0430AED5EBE0112E1D /* [CP] Embed Pods Frameworks */,
			);
			buildRules = (
			);
			dependencies = (
			);
			name = "Sobko Gym";
			packageProductDependencies = (
				C38E240F25B586F800A2506B /* SwiftyJSON */,
				C38E241525B5878D00A2506B /* Alamofire */,
				C381869C25B6F4510072D355 /* KeychainSwift */,
			);
			productName = "Sobko Gym";
			productReference = C38E238825B56D6800A2506B /* Sobko Gym.app */;
			productType = "com.apple.product-type.application";
		};
		C38E239D25B56D6A00A2506B /* Sobko GymTests */ = {
			isa = PBXNativeTarget;
			buildConfigurationList = C38E23B525B56D6A00A2506B /* Build configuration list for PBXNativeTarget "Sobko GymTests" */;
			buildPhases = (
				718DD6846E4BB566304D965A /* [CP] Check Pods Manifest.lock */,
				C38E239A25B56D6A00A2506B /* Sources */,
				C38E239B25B56D6A00A2506B /* Frameworks */,
				C38E239C25B56D6A00A2506B /* Resources */,
			);
			buildRules = (
			);
			dependencies = (
				C38E23A025B56D6A00A2506B /* PBXTargetDependency */,
			);
			name = "Sobko GymTests";
			productName = "Sobko GymTests";
			productReference = C38E239E25B56D6A00A2506B /* Sobko GymTests.xctest */;
			productType = "com.apple.product-type.bundle.unit-test";
		};
		C38E23A825B56D6A00A2506B /* Sobko GymUITests */ = {
			isa = PBXNativeTarget;
			buildConfigurationList = C38E23B825B56D6A00A2506B /* Build configuration list for PBXNativeTarget "Sobko GymUITests" */;
			buildPhases = (
				9956D26B7AC1B78726908569 /* [CP] Check Pods Manifest.lock */,
				C38E23A525B56D6A00A2506B /* Sources */,
				C38E23A625B56D6A00A2506B /* Frameworks */,
				C38E23A725B56D6A00A2506B /* Resources */,
				C29D4F6D4FFB853128B63806 /* [CP] Embed Pods Frameworks */,
			);
			buildRules = (
			);
			dependencies = (
				C38E23AB25B56D6A00A2506B /* PBXTargetDependency */,
			);
			name = "Sobko GymUITests";
			productName = "Sobko GymUITests";
			productReference = C38E23A925B56D6A00A2506B /* Sobko GymUITests.xctest */;
			productType = "com.apple.product-type.bundle.ui-testing";
		};
/* End PBXNativeTarget section */

/* Begin PBXProject section */
		C38E238025B56D6800A2506B /* Project object */ = {
			isa = PBXProject;
			attributes = {
				LastSwiftUpdateCheck = 1230;
				LastUpgradeCheck = 1230;
				TargetAttributes = {
					C38E238725B56D6800A2506B = {
						CreatedOnToolsVersion = 12.3;
					};
					C38E239D25B56D6A00A2506B = {
						CreatedOnToolsVersion = 12.3;
						TestTargetID = C38E238725B56D6800A2506B;
					};
					C38E23A825B56D6A00A2506B = {
						CreatedOnToolsVersion = 12.3;
						TestTargetID = C38E238725B56D6800A2506B;
					};
				};
			};
			buildConfigurationList = C38E238325B56D6800A2506B /* Build configuration list for PBXProject "Sobko Gym" */;
			compatibilityVersion = "Xcode 9.3";
			developmentRegion = en;
			hasScannedForEncodings = 0;
			knownRegions = (
				en,
				Base,
			);
			mainGroup = C38E237F25B56D6800A2506B;
			packageReferences = (
				C38E240E25B586F800A2506B /* XCRemoteSwiftPackageReference "SwiftyJSON" */,
				C38E241425B5878D00A2506B /* XCRemoteSwiftPackageReference "Alamofire" */,
				C381869B25B6F4500072D355 /* XCRemoteSwiftPackageReference "keychain-swift" */,
			);
			productRefGroup = C38E238925B56D6800A2506B /* Products */;
			projectDirPath = "";
			projectRoot = "";
			targets = (
				C38E238725B56D6800A2506B /* Sobko Gym */,
				C38E239D25B56D6A00A2506B /* Sobko GymTests */,
				C38E23A825B56D6A00A2506B /* Sobko GymUITests */,
			);
		};
/* End PBXProject section */

/* Begin PBXResourcesBuildPhase section */
		C38E238625B56D6800A2506B /* Resources */ = {
			isa = PBXResourcesBuildPhase;
			buildActionMask = 2147483647;
			files = (
				C38E239825B56D6A00A2506B /* LaunchScreen.storyboard in Resources */,
				C38E23BF25B56E0300A2506B /* ND Astroneer.ttf in Resources */,
				C38E239525B56D6A00A2506B /* Preview Assets.xcassets in Resources */,
				C38E239225B56D6A00A2506B /* Assets.xcassets in Resources */,
			);
			runOnlyForDeploymentPostprocessing = 0;
		};
		C38E239C25B56D6A00A2506B /* Resources */ = {
			isa = PBXResourcesBuildPhase;
			buildActionMask = 2147483647;
			files = (
				C38E23C025B56E0300A2506B /* ND Astroneer.ttf in Resources */,
			);
			runOnlyForDeploymentPostprocessing = 0;
		};
		C38E23A725B56D6A00A2506B /* Resources */ = {
			isa = PBXResourcesBuildPhase;
			buildActionMask = 2147483647;
			files = (
				C38E23C125B56E0300A2506B /* ND Astroneer.ttf in Resources */,
			);
			runOnlyForDeploymentPostprocessing = 0;
		};
/* End PBXResourcesBuildPhase section */

/* Begin PBXShellScriptBuildPhase section */
		59786F0430AED5EBE0112E1D /* [CP] Embed Pods Frameworks */ = {
			isa = PBXShellScriptBuildPhase;
			buildActionMask = 2147483647;
			files = (
			);
			inputFileListPaths = (
				"${PODS_ROOT}/Target Support Files/Pods-Sobko Gym/Pods-Sobko Gym-frameworks-${CONFIGURATION}-input-files.xcfilelist",
			);
			name = "[CP] Embed Pods Frameworks";
			outputFileListPaths = (
				"${PODS_ROOT}/Target Support Files/Pods-Sobko Gym/Pods-Sobko Gym-frameworks-${CONFIGURATION}-output-files.xcfilelist",
			);
			runOnlyForDeploymentPostprocessing = 0;
			shellPath = /bin/sh;
			shellScript = "\"${PODS_ROOT}/Target Support Files/Pods-Sobko Gym/Pods-Sobko Gym-frameworks.sh\"\n";
			showEnvVarsInLog = 0;
		};
		5F5ED87614E952967AF18C68 /* [CP] Check Pods Manifest.lock */ = {
			isa = PBXShellScriptBuildPhase;
			buildActionMask = 2147483647;
			files = (
			);
			inputFileListPaths = (
			);
			inputPaths = (
				"${PODS_PODFILE_DIR_PATH}/Podfile.lock",
				"${PODS_ROOT}/Manifest.lock",
			);
			name = "[CP] Check Pods Manifest.lock";
			outputFileListPaths = (
			);
			outputPaths = (
				"$(DERIVED_FILE_DIR)/Pods-Sobko Gym-checkManifestLockResult.txt",
			);
			runOnlyForDeploymentPostprocessing = 0;
			shellPath = /bin/sh;
			shellScript = "diff \"${PODS_PODFILE_DIR_PATH}/Podfile.lock\" \"${PODS_ROOT}/Manifest.lock\" > /dev/null\nif [ $? != 0 ] ; then\n    # print error to STDERR\n    echo \"error: The sandbox is not in sync with the Podfile.lock. Run 'pod install' or update your CocoaPods installation.\" >&2\n    exit 1\nfi\n# This output is used by Xcode 'outputs' to avoid re-running this script phase.\necho \"SUCCESS\" > \"${SCRIPT_OUTPUT_FILE_0}\"\n";
			showEnvVarsInLog = 0;
		};
		718DD6846E4BB566304D965A /* [CP] Check Pods Manifest.lock */ = {
			isa = PBXShellScriptBuildPhase;
			buildActionMask = 2147483647;
			files = (
			);
			inputFileListPaths = (
			);
			inputPaths = (
				"${PODS_PODFILE_DIR_PATH}/Podfile.lock",
				"${PODS_ROOT}/Manifest.lock",
			);
			name = "[CP] Check Pods Manifest.lock";
			outputFileListPaths = (
			);
			outputPaths = (
				"$(DERIVED_FILE_DIR)/Pods-Sobko GymTests-checkManifestLockResult.txt",
			);
			runOnlyForDeploymentPostprocessing = 0;
			shellPath = /bin/sh;
			shellScript = "diff \"${PODS_PODFILE_DIR_PATH}/Podfile.lock\" \"${PODS_ROOT}/Manifest.lock\" > /dev/null\nif [ $? != 0 ] ; then\n    # print error to STDERR\n    echo \"error: The sandbox is not in sync with the Podfile.lock. Run 'pod install' or update your CocoaPods installation.\" >&2\n    exit 1\nfi\n# This output is used by Xcode 'outputs' to avoid re-running this script phase.\necho \"SUCCESS\" > \"${SCRIPT_OUTPUT_FILE_0}\"\n";
			showEnvVarsInLog = 0;
		};
		9956D26B7AC1B78726908569 /* [CP] Check Pods Manifest.lock */ = {
			isa = PBXShellScriptBuildPhase;
			buildActionMask = 2147483647;
			files = (
			);
			inputFileListPaths = (
			);
			inputPaths = (
				"${PODS_PODFILE_DIR_PATH}/Podfile.lock",
				"${PODS_ROOT}/Manifest.lock",
			);
			name = "[CP] Check Pods Manifest.lock";
			outputFileListPaths = (
			);
			outputPaths = (
				"$(DERIVED_FILE_DIR)/Pods-Sobko Gym-Sobko GymUITests-checkManifestLockResult.txt",
			);
			runOnlyForDeploymentPostprocessing = 0;
			shellPath = /bin/sh;
			shellScript = "diff \"${PODS_PODFILE_DIR_PATH}/Podfile.lock\" \"${PODS_ROOT}/Manifest.lock\" > /dev/null\nif [ $? != 0 ] ; then\n    # print error to STDERR\n    echo \"error: The sandbox is not in sync with the Podfile.lock. Run 'pod install' or update your CocoaPods installation.\" >&2\n    exit 1\nfi\n# This output is used by Xcode 'outputs' to avoid re-running this script phase.\necho \"SUCCESS\" > \"${SCRIPT_OUTPUT_FILE_0}\"\n";
			showEnvVarsInLog = 0;
		};
		C29D4F6D4FFB853128B63806 /* [CP] Embed Pods Frameworks */ = {
			isa = PBXShellScriptBuildPhase;
			buildActionMask = 2147483647;
			files = (
			);
			inputFileListPaths = (
				"${PODS_ROOT}/Target Support Files/Pods-Sobko Gym-Sobko GymUITests/Pods-Sobko Gym-Sobko GymUITests-frameworks-${CONFIGURATION}-input-files.xcfilelist",
			);
			name = "[CP] Embed Pods Frameworks";
			outputFileListPaths = (
				"${PODS_ROOT}/Target Support Files/Pods-Sobko Gym-Sobko GymUITests/Pods-Sobko Gym-Sobko GymUITests-frameworks-${CONFIGURATION}-output-files.xcfilelist",
			);
			runOnlyForDeploymentPostprocessing = 0;
			shellPath = /bin/sh;
			shellScript = "\"${PODS_ROOT}/Target Support Files/Pods-Sobko Gym-Sobko GymUITests/Pods-Sobko Gym-Sobko GymUITests-frameworks.sh\"\n";
			showEnvVarsInLog = 0;
		};
/* End PBXShellScriptBuildPhase section */

/* Begin PBXSourcesBuildPhase section */
		C38E238425B56D6800A2506B /* Sources */ = {
			isa = PBXSourcesBuildPhase;
			buildActionMask = 2147483647;
			files = (
				C38E238C25B56D6800A2506B /* AppDelegate.swift in Sources */,
				C3E8E2BE25B821C900E0963E /* PushUp1.swift in Sources */,
				C381868425B6C1440072D355 /* ModelLessons.swift in Sources */,
				C3E8E2C825B821D800E0963E /* PushUp2.swift in Sources */,
				C38E241B25B5893400A2506B /* Hello-2-3.swift in Sources */,
				C38E23EC25B5814E00A2506B /* SignIn.swift in Sources */,
				C3E8E2B425B821B500E0963E /* SitUp2.swift in Sources */,
				C38E244E25B5C71100A2506B /* LessonSpine.swift in Sources */,
				C38E238E25B56D6800A2506B /* SceneDelegate.swift in Sources */,
				C3E8E2AD25B821A700E0963E /* SitUp1.swift in Sources */,
				C38E240525B586C900A2506B /* ViewModel.swift in Sources */,
				C38E23D025B5738600A2506B /* Hellow-2.swift in Sources */,
				C3E8E2A625B8048600E0963E /* AlertTextFeild.swift in Sources */,
				C38E242525B58A7900A2506B /* Swift2.swift in Sources */,
				C38E242F25B5A8A400A2506B /* SignUp.swift in Sources */,
				C3E8E2D925B85B2900E0963E /* Web.swift in Sources */,
				C38E23DE25B57E5D00A2506B /* Hello-4.swift in Sources */,
				C381866525B6ADCE0072D355 /* Profile.swift in Sources */,
				C38E23FE25B5860200A2506B /* Model.swift in Sources */,
				C38E244025B5B48F00A2506B /* Main.swift in Sources */,
				C38E244725B5C08500A2506B /* Lessons.swift in Sources */,
				C3E8E2E025B85D7C00E0963E /* WebView.swift in Sources */,
				C38E245525B5C76F00A2506B /* LessonTorso.swift in Sources */,
				C38E23C925B570E500A2506B /* Hello-1.swift in Sources */,
				C38E23D725B576DF00A2506B /* Hello-2-2.swift in Sources */,
				C38E23E525B57FD300A2506B /* Hello-5.swift in Sources */,
				C38E243625B5A8AC00A2506B /* Back.swift in Sources */,
				C381869525B6DCC40072D355 /* tren.swift in Sources */,
				C38E245C25B5C7BC00A2506B /* LessonLegs.swift in Sources */,
				C38E239025B56D6800A2506B /* ContentView.swift in Sources */,
			);
			runOnlyForDeploymentPostprocessing = 0;
		};
		C38E239A25B56D6A00A2506B /* Sources */ = {
			isa = PBXSourcesBuildPhase;
			buildActionMask = 2147483647;
			files = (
				C38E23D825B576DF00A2506B /* Hello-2-2.swift in Sources */,
				C38E243025B5A8A400A2506B /* SignUp.swift in Sources */,
				C38E241C25B5893400A2506B /* Hello-2-3.swift in Sources */,
				C38E243725B5A8AC00A2506B /* Back.swift in Sources */,
				C38E245625B5C76F00A2506B /* LessonTorso.swift in Sources */,
				C381868525B6C1440072D355 /* ModelLessons.swift in Sources */,
				C3E8E2A725B8048600E0963E /* AlertTextFeild.swift in Sources */,
				C3E8E2AE25B821A700E0963E /* SitUp1.swift in Sources */,
				C38E242625B58A7900A2506B /* Swift2.swift in Sources */,
				C3E8E2C925B821D800E0963E /* PushUp2.swift in Sources */,
				C38E240625B586C900A2506B /* ViewModel.swift in Sources */,
				C38E244825B5C08500A2506B /* Lessons.swift in Sources */,
				C38E23DF25B57E5D00A2506B /* Hello-4.swift in Sources */,
				C3E8E2E125B85D7C00E0963E /* WebView.swift in Sources */,
				C38E23E625B57FD300A2506B /* Hello-5.swift in Sources */,
				C381869625B6DCC40072D355 /* tren.swift in Sources */,
				C38E245D25B5C7BC00A2506B /* LessonLegs.swift in Sources */,
				C38E23CA25B570E500A2506B /* Hello-1.swift in Sources */,
				C38E23ED25B5814E00A2506B /* SignIn.swift in Sources */,
				C3E8E2DA25B85B2900E0963E /* Web.swift in Sources */,
				C3E8E2BF25B821C900E0963E /* PushUp1.swift in Sources */,
				C38E23D125B5738600A2506B /* Hellow-2.swift in Sources */,
				C38E23A325B56D6A00A2506B /* Sobko_GymTests.swift in Sources */,
				C38E244125B5B48F00A2506B /* Main.swift in Sources */,
				C381866625B6ADCE0072D355 /* Profile.swift in Sources */,
				C38E23FF25B5860200A2506B /* Model.swift in Sources */,
				C3E8E2B525B821B500E0963E /* SitUp2.swift in Sources */,
				C38E244F25B5C71100A2506B /* LessonSpine.swift in Sources */,
			);
			runOnlyForDeploymentPostprocessing = 0;
		};
		C38E23A525B56D6A00A2506B /* Sources */ = {
			isa = PBXSourcesBuildPhase;
			buildActionMask = 2147483647;
			files = (
				C38E23D925B576DF00A2506B /* Hello-2-2.swift in Sources */,
				C38E243125B5A8A400A2506B /* SignUp.swift in Sources */,
				C38E241D25B5893400A2506B /* Hello-2-3.swift in Sources */,
				C38E243825B5A8AC00A2506B /* Back.swift in Sources */,
				C38E245725B5C76F00A2506B /* LessonTorso.swift in Sources */,
				C381868625B6C1440072D355 /* ModelLessons.swift in Sources */,
				C3E8E2A825B8048600E0963E /* AlertTextFeild.swift in Sources */,
				C3E8E2AF25B821A700E0963E /* SitUp1.swift in Sources */,
				C38E242725B58A7900A2506B /* Swift2.swift in Sources */,
				C3E8E2CA25B821D800E0963E /* PushUp2.swift in Sources */,
				C38E240725B586C900A2506B /* ViewModel.swift in Sources */,
				C38E244925B5C08500A2506B /* Lessons.swift in Sources */,
				C38E23E025B57E5D00A2506B /* Hello-4.swift in Sources */,
				C3E8E2E225B85D7C00E0963E /* WebView.swift in Sources */,
				C38E23E725B57FD300A2506B /* Hello-5.swift in Sources */,
				C381869725B6DCC40072D355 /* tren.swift in Sources */,
				C38E245E25B5C7BC00A2506B /* LessonLegs.swift in Sources */,
				C38E23CB25B570E500A2506B /* Hello-1.swift in Sources */,
				C38E23EE25B5814E00A2506B /* SignIn.swift in Sources */,
				C3E8E2DB25B85B2900E0963E /* Web.swift in Sources */,
				C3E8E2C025B821C900E0963E /* PushUp1.swift in Sources */,
				C38E23D225B5738600A2506B /* Hellow-2.swift in Sources */,
				C38E23AE25B56D6A00A2506B /* Sobko_GymUITests.swift in Sources */,
				C38E244225B5B48F00A2506B /* Main.swift in Sources */,
				C381866725B6ADCE0072D355 /* Profile.swift in Sources */,
				C38E240025B5860200A2506B /* Model.swift in Sources */,
				C3E8E2B625B821B500E0963E /* SitUp2.swift in Sources */,
				C38E245025B5C71100A2506B /* LessonSpine.swift in Sources */,
			);
			runOnlyForDeploymentPostprocessing = 0;
		};
/* End PBXSourcesBuildPhase section */

/* Begin PBXTargetDependency section */
		C38E23A025B56D6A00A2506B /* PBXTargetDependency */ = {
			isa = PBXTargetDependency;
			target = C38E238725B56D6800A2506B /* Sobko Gym */;
			targetProxy = C38E239F25B56D6A00A2506B /* PBXContainerItemProxy */;
		};
		C38E23AB25B56D6A00A2506B /* PBXTargetDependency */ = {
			isa = PBXTargetDependency;
			target = C38E238725B56D6800A2506B /* Sobko Gym */;
			targetProxy = C38E23AA25B56D6A00A2506B /* PBXContainerItemProxy */;
		};
/* End PBXTargetDependency section */

/* Begin PBXVariantGroup section */
		C38E239625B56D6A00A2506B /* LaunchScreen.storyboard */ = {
			isa = PBXVariantGroup;
			children = (
				C38E239725B56D6A00A2506B /* Base */,
			);
			name = LaunchScreen.storyboard;
			sourceTree = "<group>";
		};
/* End PBXVariantGroup section */

/* Begin XCBuildConfiguration section */
		C38E23B025B56D6A00A2506B /* Debug */ = {
			isa = XCBuildConfiguration;
			buildSettings = {
				ALWAYS_SEARCH_USER_PATHS = NO;
				CLANG_ANALYZER_NONNULL = YES;
				CLANG_ANALYZER_NUMBER_OBJECT_CONVERSION = YES_AGGRESSIVE;
				CLANG_CXX_LANGUAGE_STANDARD = "gnu++14";
				CLANG_CXX_LIBRARY = "libc++";
				CLANG_ENABLE_MODULES = YES;
				CLANG_ENABLE_OBJC_ARC = YES;
				CLANG_ENABLE_OBJC_WEAK = YES;
				CLANG_WARN_BLOCK_CAPTURE_AUTORELEASING = YES;
				CLANG_WARN_BOOL_CONVERSION = YES;
				CLANG_WARN_COMMA = YES;
				CLANG_WARN_CONSTANT_CONVERSION = YES;
				CLANG_WARN_DEPRECATED_OBJC_IMPLEMENTATIONS = YES;
				CLANG_WARN_DIRECT_OBJC_ISA_USAGE = YES_ERROR;
				CLANG_WARN_DOCUMENTATION_COMMENTS = YES;
				CLANG_WARN_EMPTY_BODY = YES;
				CLANG_WARN_ENUM_CONVERSION = YES;
				CLANG_WARN_INFINITE_RECURSION = YES;
				CLANG_WARN_INT_CONVERSION = YES;
				CLANG_WARN_NON_LITERAL_NULL_CONVERSION = YES;
				CLANG_WARN_OBJC_IMPLICIT_RETAIN_SELF = YES;
				CLANG_WARN_OBJC_LITERAL_CONVERSION = YES;
				CLANG_WARN_OBJC_ROOT_CLASS = YES_ERROR;
				CLANG_WARN_QUOTED_INCLUDE_IN_FRAMEWORK_HEADER = YES;
				CLANG_WARN_RANGE_LOOP_ANALYSIS = YES;
				CLANG_WARN_STRICT_PROTOTYPES = YES;
				CLANG_WARN_SUSPICIOUS_MOVE = YES;
				CLANG_WARN_UNGUARDED_AVAILABILITY = YES_AGGRESSIVE;
				CLANG_WARN_UNREACHABLE_CODE = YES;
				CLANG_WARN__DUPLICATE_METHOD_MATCH = YES;
				COPY_PHASE_STRIP = NO;
				DEBUG_INFORMATION_FORMAT = dwarf;
				ENABLE_STRICT_OBJC_MSGSEND = YES;
				ENABLE_TESTABILITY = YES;
				GCC_C_LANGUAGE_STANDARD = gnu11;
				GCC_DYNAMIC_NO_PIC = NO;
				GCC_NO_COMMON_BLOCKS = YES;
				GCC_OPTIMIZATION_LEVEL = 0;
				GCC_PREPROCESSOR_DEFINITIONS = (
					"DEBUG=1",
					"$(inherited)",
				);
				GCC_WARN_64_TO_32_BIT_CONVERSION = YES;
				GCC_WARN_ABOUT_RETURN_TYPE = YES_ERROR;
				GCC_WARN_UNDECLARED_SELECTOR = YES;
				GCC_WARN_UNINITIALIZED_AUTOS = YES_AGGRESSIVE;
				GCC_WARN_UNUSED_FUNCTION = YES;
				GCC_WARN_UNUSED_VARIABLE = YES;
				IPHONEOS_DEPLOYMENT_TARGET = 14.3;
				MTL_ENABLE_DEBUG_INFO = INCLUDE_SOURCE;
				MTL_FAST_MATH = YES;
				ONLY_ACTIVE_ARCH = YES;
				SDKROOT = iphoneos;
				SWIFT_ACTIVE_COMPILATION_CONDITIONS = DEBUG;
				SWIFT_OPTIMIZATION_LEVEL = "-Onone";
			};
			name = Debug;
		};
		C38E23B125B56D6A00A2506B /* Release */ = {
			isa = XCBuildConfiguration;
			buildSettings = {
				ALWAYS_SEARCH_USER_PATHS = NO;
				CLANG_ANALYZER_NONNULL = YES;
				CLANG_ANALYZER_NUMBER_OBJECT_CONVERSION = YES_AGGRESSIVE;
				CLANG_CXX_LANGUAGE_STANDARD = "gnu++14";
				CLANG_CXX_LIBRARY = "libc++";
				CLANG_ENABLE_MODULES = YES;
				CLANG_ENABLE_OBJC_ARC = YES;
				CLANG_ENABLE_OBJC_WEAK = YES;
				CLANG_WARN_BLOCK_CAPTURE_AUTORELEASING = YES;
				CLANG_WARN_BOOL_CONVERSION = YES;
				CLANG_WARN_COMMA = YES;
				CLANG_WARN_CONSTANT_CONVERSION = YES;
				CLANG_WARN_DEPRECATED_OBJC_IMPLEMENTATIONS = YES;
				CLANG_WARN_DIRECT_OBJC_ISA_USAGE = YES_ERROR;
				CLANG_WARN_DOCUMENTATION_COMMENTS = YES;
				CLANG_WARN_EMPTY_BODY = YES;
				CLANG_WARN_ENUM_CONVERSION = YES;
				CLANG_WARN_INFINITE_RECURSION = YES;
				CLANG_WARN_INT_CONVERSION = YES;
				CLANG_WARN_NON_LITERAL_NULL_CONVERSION = YES;
				CLANG_WARN_OBJC_IMPLICIT_RETAIN_SELF = YES;
				CLANG_WARN_OBJC_LITERAL_CONVERSION = YES;
				CLANG_WARN_OBJC_ROOT_CLASS = YES_ERROR;
				CLANG_WARN_QUOTED_INCLUDE_IN_FRAMEWORK_HEADER = YES;
				CLANG_WARN_RANGE_LOOP_ANALYSIS = YES;
				CLANG_WARN_STRICT_PROTOTYPES = YES;
				CLANG_WARN_SUSPICIOUS_MOVE = YES;
				CLANG_WARN_UNGUARDED_AVAILABILITY = YES_AGGRESSIVE;
				CLANG_WARN_UNREACHABLE_CODE = YES;
				CLANG_WARN__DUPLICATE_METHOD_MATCH = YES;
				COPY_PHASE_STRIP = NO;
				DEBUG_INFORMATION_FORMAT = "dwarf-with-dsym";
				ENABLE_NS_ASSERTIONS = NO;
				ENABLE_STRICT_OBJC_MSGSEND = YES;
				GCC_C_LANGUAGE_STANDARD = gnu11;
				GCC_NO_COMMON_BLOCKS = YES;
				GCC_WARN_64_TO_32_BIT_CONVERSION = YES;
				GCC_WARN_ABOUT_RETURN_TYPE = YES_ERROR;
				GCC_WARN_UNDECLARED_SELECTOR = YES;
				GCC_WARN_UNINITIALIZED_AUTOS = YES_AGGRESSIVE;
				GCC_WARN_UNUSED_FUNCTION = YES;
				GCC_WARN_UNUSED_VARIABLE = YES;
				IPHONEOS_DEPLOYMENT_TARGET = 14.3;
				MTL_ENABLE_DEBUG_INFO = NO;
				MTL_FAST_MATH = YES;
				SDKROOT = iphoneos;
				SWIFT_COMPILATION_MODE = wholemodule;
				SWIFT_OPTIMIZATION_LEVEL = "-O";
				VALIDATE_PRODUCT = YES;
			};
			name = Release;
		};
		C38E23B325B56D6A00A2506B /* Debug */ = {
			isa = XCBuildConfiguration;
			baseConfigurationReference = FEC6E4A5018E2FDBA4F241A9 /* Pods-Sobko Gym.debug.xcconfig */;
			buildSettings = {
				ASSETCATALOG_COMPILER_APPICON_NAME = AppIcon;
				ASSETCATALOG_COMPILER_GLOBAL_ACCENT_COLOR_NAME = AccentColor;
				CODE_SIGN_STYLE = Automatic;
				DEVELOPMENT_ASSET_PATHS = "\"Sobko Gym/Preview Content\"";
				DEVELOPMENT_TEAM = 36AA5W3QR6;
				ENABLE_PREVIEWS = YES;
				INFOPLIST_FILE = "Sobko Gym/Info.plist";
				IPHONEOS_DEPLOYMENT_TARGET = 13.5;
				LD_RUNPATH_SEARCH_PATHS = (
					"$(inherited)",
					"@executable_path/Frameworks",
				);
				PRODUCT_BUNDLE_IDENTIFIER = "kp11.Sobko-Gym";
				PRODUCT_NAME = "$(TARGET_NAME)";
				SWIFT_VERSION = 5.0;
				TARGETED_DEVICE_FAMILY = 1;
			};
			name = Debug;
		};
		C38E23B425B56D6A00A2506B /* Release */ = {
			isa = XCBuildConfiguration;
			baseConfigurationReference = 2A70D438210B7BD63AAD9E96 /* Pods-Sobko Gym.release.xcconfig */;
			buildSettings = {
				ASSETCATALOG_COMPILER_APPICON_NAME = AppIcon;
				ASSETCATALOG_COMPILER_GLOBAL_ACCENT_COLOR_NAME = AccentColor;
				CODE_SIGN_STYLE = Automatic;
				DEVELOPMENT_ASSET_PATHS = "\"Sobko Gym/Preview Content\"";
				DEVELOPMENT_TEAM = 36AA5W3QR6;
				ENABLE_PREVIEWS = YES;
				INFOPLIST_FILE = "Sobko Gym/Info.plist";
				IPHONEOS_DEPLOYMENT_TARGET = 13.5;
				LD_RUNPATH_SEARCH_PATHS = (
					"$(inherited)",
					"@executable_path/Frameworks",
				);
				PRODUCT_BUNDLE_IDENTIFIER = "kp11.Sobko-Gym";
				PRODUCT_NAME = "$(TARGET_NAME)";
				SWIFT_VERSION = 5.0;
				TARGETED_DEVICE_FAMILY = 1;
			};
			name = Release;
		};
		C38E23B625B56D6A00A2506B /* Debug */ = {
			isa = XCBuildConfiguration;
			baseConfigurationReference = AFBF5D916F9109A48CB4ADFF /* Pods-Sobko GymTests.debug.xcconfig */;
			buildSettings = {
				ALWAYS_EMBED_SWIFT_STANDARD_LIBRARIES = YES;
				BUNDLE_LOADER = "$(TEST_HOST)";
				CODE_SIGN_STYLE = Automatic;
				INFOPLIST_FILE = "Sobko GymTests/Info.plist";
				IPHONEOS_DEPLOYMENT_TARGET = 14.3;
				LD_RUNPATH_SEARCH_PATHS = (
					"$(inherited)",
					"@executable_path/Frameworks",
					"@loader_path/Frameworks",
				);
				PRODUCT_BUNDLE_IDENTIFIER = "kp11.Sobko-GymTests";
				PRODUCT_NAME = "$(TARGET_NAME)";
				SWIFT_VERSION = 5.0;
				TARGETED_DEVICE_FAMILY = "1,2";
				TEST_HOST = "$(BUILT_PRODUCTS_DIR)/Sobko Gym.app/Sobko Gym";
			};
			name = Debug;
		};
		C38E23B725B56D6A00A2506B /* Release */ = {
			isa = XCBuildConfiguration;
			baseConfigurationReference = B8BD8A35CCAC8F68100F56BC /* Pods-Sobko GymTests.release.xcconfig */;
			buildSettings = {
				ALWAYS_EMBED_SWIFT_STANDARD_LIBRARIES = YES;
				BUNDLE_LOADER = "$(TEST_HOST)";
				CODE_SIGN_STYLE = Automatic;
				INFOPLIST_FILE = "Sobko GymTests/Info.plist";
				IPHONEOS_DEPLOYMENT_TARGET = 14.3;
				LD_RUNPATH_SEARCH_PATHS = (
					"$(inherited)",
					"@executable_path/Frameworks",
					"@loader_path/Frameworks",
				);
				PRODUCT_BUNDLE_IDENTIFIER = "kp11.Sobko-GymTests";
				PRODUCT_NAME = "$(TARGET_NAME)";
				SWIFT_VERSION = 5.0;
				TARGETED_DEVICE_FAMILY = "1,2";
				TEST_HOST = "$(BUILT_PRODUCTS_DIR)/Sobko Gym.app/Sobko Gym";
			};
			name = Release;
		};
		C38E23B925B56D6A00A2506B /* Debug */ = {
			isa = XCBuildConfiguration;
			baseConfigurationReference = EF01CB282C634EBA1128711C /* Pods-Sobko Gym-Sobko GymUITests.debug.xcconfig */;
			buildSettings = {
				ALWAYS_EMBED_SWIFT_STANDARD_LIBRARIES = YES;
				CODE_SIGN_STYLE = Automatic;
				INFOPLIST_FILE = "Sobko GymUITests/Info.plist";
				LD_RUNPATH_SEARCH_PATHS = (
					"$(inherited)",
					"@executable_path/Frameworks",
					"@loader_path/Frameworks",
				);
				PRODUCT_BUNDLE_IDENTIFIER = "kp11.Sobko-GymUITests";
				PRODUCT_NAME = "$(TARGET_NAME)";
				SWIFT_VERSION = 5.0;
				TARGETED_DEVICE_FAMILY = "1,2";
				TEST_TARGET_NAME = "Sobko Gym";
			};
			name = Debug;
		};
		C38E23BA25B56D6A00A2506B /* Release */ = {
			isa = XCBuildConfiguration;
			baseConfigurationReference = 20BE8921530D684D053EB4D0 /* Pods-Sobko Gym-Sobko GymUITests.release.xcconfig */;
			buildSettings = {
				ALWAYS_EMBED_SWIFT_STANDARD_LIBRARIES = YES;
				CODE_SIGN_STYLE = Automatic;
				INFOPLIST_FILE = "Sobko GymUITests/Info.plist";
				LD_RUNPATH_SEARCH_PATHS = (
					"$(inherited)",
					"@executable_path/Frameworks",
					"@loader_path/Frameworks",
				);
				PRODUCT_BUNDLE_IDENTIFIER = "kp11.Sobko-GymUITests";
				PRODUCT_NAME = "$(TARGET_NAME)";
				SWIFT_VERSION = 5.0;
				TARGETED_DEVICE_FAMILY = "1,2";
				TEST_TARGET_NAME = "Sobko Gym";
			};
			name = Release;
		};
/* End XCBuildConfiguration section */

/* Begin XCConfigurationList section */
		C38E238325B56D6800A2506B /* Build configuration list for PBXProject "Sobko Gym" */ = {
			isa = XCConfigurationList;
			buildConfigurations = (
				C38E23B025B56D6A00A2506B /* Debug */,
				C38E23B125B56D6A00A2506B /* Release */,
			);
			defaultConfigurationIsVisible = 0;
			defaultConfigurationName = Release;
		};
		C38E23B225B56D6A00A2506B /* Build configuration list for PBXNativeTarget "Sobko Gym" */ = {
			isa = XCConfigurationList;
			buildConfigurations = (
				C38E23B325B56D6A00A2506B /* Debug */,
				C38E23B425B56D6A00A2506B /* Release */,
			);
			defaultConfigurationIsVisible = 0;
			defaultConfigurationName = Release;
		};
		C38E23B525B56D6A00A2506B /* Build configuration list for PBXNativeTarget "Sobko GymTests" */ = {
			isa = XCConfigurationList;
			buildConfigurations = (
				C38E23B625B56D6A00A2506B /* Debug */,
				C38E23B725B56D6A00A2506B /* Release */,
			);
			defaultConfigurationIsVisible = 0;
			defaultConfigurationName = Release;
		};
		C38E23B825B56D6A00A2506B /* Build configuration list for PBXNativeTarget "Sobko GymUITests" */ = {
			isa = XCConfigurationList;
			buildConfigurations = (
				C38E23B925B56D6A00A2506B /* Debug */,
				C38E23BA25B56D6A00A2506B /* Release */,
			);
			defaultConfigurationIsVisible = 0;
			defaultConfigurationName = Release;
		};
/* End XCConfigurationList section */

/* Begin XCRemoteSwiftPackageReference section */
		C381869B25B6F4500072D355 /* XCRemoteSwiftPackageReference "keychain-swift" */ = {
			isa = XCRemoteSwiftPackageReference;
			repositoryURL = "https://github.com/evgenyneu/keychain-swift.git";
			requirement = {
				kind = upToNextMajorVersion;
				minimumVersion = 19.0.0;
			};
		};
		C38E240E25B586F800A2506B /* XCRemoteSwiftPackageReference "SwiftyJSON" */ = {
			isa = XCRemoteSwiftPackageReference;
			repositoryURL = "https://github.com/SwiftyJSON/SwiftyJSON";
			requirement = {
				kind = upToNextMajorVersion;
				minimumVersion = 5.0.0;
			};
		};
		C38E241425B5878D00A2506B /* XCRemoteSwiftPackageReference "Alamofire" */ = {
			isa = XCRemoteSwiftPackageReference;
			repositoryURL = "https://github.com/Alamofire/Alamofire";
			requirement = {
				kind = upToNextMajorVersion;
				minimumVersion = 5.4.1;
			};
		};
/* End XCRemoteSwiftPackageReference section */

/* Begin XCSwiftPackageProductDependency section */
		C381869C25B6F4510072D355 /* KeychainSwift */ = {
			isa = XCSwiftPackageProductDependency;
			package = C381869B25B6F4500072D355 /* XCRemoteSwiftPackageReference "keychain-swift" */;
			productName = KeychainSwift;
		};
		C38E240F25B586F800A2506B /* SwiftyJSON */ = {
			isa = XCSwiftPackageProductDependency;
			package = C38E240E25B586F800A2506B /* XCRemoteSwiftPackageReference "SwiftyJSON" */;
			productName = SwiftyJSON;
		};
		C38E241525B5878D00A2506B /* Alamofire */ = {
			isa = XCSwiftPackageProductDependency;
			package = C38E241425B5878D00A2506B /* XCRemoteSwiftPackageReference "Alamofire" */;
			productName = Alamofire;
		};
/* End XCSwiftPackageProductDependency section */
	};
	rootObject = C38E238025B56D6800A2506B /* Project object */;
}
